
Microsoft Visual Studio Solution File, Format Version 12.00
# Visual Studio Version 16
VisualStudioVersion = 16.0.30804.86
MinimumVisualStudioVersion = 10.0.40219.1
Project("{FAE04EC0-301F-11D3-BF4B-00C04F79EFBC}") = "NewYearsResolutionAPI", "NewYearsResolutionAPI\NewYearsResolutionAPI.csproj", "{B17AF99E-4269-41AB-979F-F2BE16A56219}"
EndProject
Project("{FAE04EC0-301F-11D3-BF4B-00C04F79EFBC}") = "NewYearsResolutionShared", "NewYearsResolutionShared\NewYearsResolutionShared.csproj", "{8FAA51D1-F1BC-48D2-AA88-267E9908F252}"
EndProject
Project("{FAE04EC0-301F-11D3-BF4B-00C04F79EFBC}") = "NewYearsResolutionUI", "NewYearsResolutionUI\NewYearsResolutionUI.csproj", "{A3ACDF23-0A07-4EDB-B0FE-CFB35D93CEC0}"
EndProject
Global
	GlobalSection(SolutionConfigurationPlatforms) = preSolution
		Debug|Any CPU = Debug|Any CPU
		Release|Any CPU = Release|Any CPU
	EndGlobalSection
	GlobalSection(ProjectConfigurationPlatforms) = postSolution
		{B17AF99E-4269-41AB-979F-F2BE16A56219}.Debug|Any CPU.ActiveCfg = Debug|Any CPU
		{B17AF99E-4269-41AB-979F-F2BE16A56219}.Debug|Any CPU.Build.0 = Debug|Any CPU
		{B17AF99E-4269-41AB-979F-F2BE16A56219}.Release|Any CPU.ActiveCfg = Release|Any CPU
		{B17AF99E-4269-41AB-979F-F2BE16A56219}.Release|Any CPU.Build.0 = Release|Any CPU
		{8FAA51D1-F1BC-48D2-AA88-267E9908F252}.Debug|Any CPU.ActiveCfg = Debug|Any CPU
		{8FAA51D1-F1BC-48D2-AA88-267E9908F252}.Debug|Any CPU.Build.0 = Debug|Any CPU
		{8FAA51D1-F1BC-48D2-AA88-267E9908F252}.Release|Any CPU.ActiveCfg = Release|Any CPU
		{8FAA51D1-F1BC-48D2-AA88-267E9908F252}.Release|Any CPU.Build.0 = Release|Any CPU
		{A3ACDF23-0A07-4EDB-B0FE-CFB35D93CEC0}.Debug|Any CPU.ActiveCfg = Debug|Any CPU
		{A3ACDF23-0A07-4EDB-B0FE-CFB35D93CEC0}.Debug|Any CPU.Build.0 = Debug|Any CPU
		{A3ACDF23-0A07-4EDB-B0FE-CFB35D93CEC0}.Release|Any CPU.ActiveCfg = Release|Any CPU
		{A3ACDF23-0A07-4EDB-B0FE-CFB35D93CEC0}.Release|Any CPU.Build.0 = Release|Any CPU
	EndGlobalSection
	GlobalSection(SolutionProperties) = preSolution
		HideSolutionNode = FALSE
	EndGlobalSection
	GlobalSection(ExtensibilityGlobals) = postSolution
		SolutionGuid = {8C2DF5DA-4069-4D63-9154-6CD577BE37DA}
	EndGlobalSection
EndGlobal
